
Microsoft Visual Studio Solution File, Format Version 12.00
# Visual Studio 2013
VisualStudioVersion = 12.0.31101.0
MinimumVisualStudioVersion = 10.0.40219.1
Project("{FAE04EC0-301F-11D3-BF4B-00C04F79EFBC}") = "FlatPgRental", "FlatPgRental\FlatPgRental.csproj", "{33115702-B3A8-4762-997D-8BE2BAAD57E7}"
EndProject
Project("{00D1A9C2-B5F0-4AF3-8072-F6C62B433612}") = "FlatPgRentalData", "FlatPgRentalData\FlatPgRentalData.sqlproj", "{872D97FD-27B8-4E4F-B396-0A5715B5ACBF}"
EndProject
Global
	GlobalSection(SolutionConfigurationPlatforms) = preSolution
		Debug|Any CPU = Debug|Any CPU
		Release|Any CPU = Release|Any CPU
	EndGlobalSection
	GlobalSection(ProjectConfigurationPlatforms) = postSolution
		{33115702-B3A8-4762-997D-8BE2BAAD57E7}.Debug|Any CPU.ActiveCfg = Debug|Any CPU
		{33115702-B3A8-4762-997D-8BE2BAAD57E7}.Debug|Any CPU.Build.0 = Debug|Any CPU
		{33115702-B3A8-4762-997D-8BE2BAAD57E7}.Release|Any CPU.ActiveCfg = Release|Any CPU
		{33115702-B3A8-4762-997D-8BE2BAAD57E7}.Release|Any CPU.Build.0 = Release|Any CPU
		{872D97FD-27B8-4E4F-B396-0A5715B5ACBF}.Debug|Any CPU.ActiveCfg = Debug|Any CPU
		{872D97FD-27B8-4E4F-B396-0A5715B5ACBF}.Debug|Any CPU.Build.0 = Debug|Any CPU
		{872D97FD-27B8-4E4F-B396-0A5715B5ACBF}.Debug|Any CPU.Deploy.0 = Debug|Any CPU
		{872D97FD-27B8-4E4F-B396-0A5715B5ACBF}.Release|Any CPU.ActiveCfg = Release|Any CPU
		{872D97FD-27B8-4E4F-B396-0A5715B5ACBF}.Release|Any CPU.Build.0 = Release|Any CPU
		{872D97FD-27B8-4E4F-B396-0A5715B5ACBF}.Release|Any CPU.Deploy.0 = Release|Any CPU
	EndGlobalSection
	GlobalSection(SolutionProperties) = preSolution
		HideSolutionNode = FALSE
	EndGlobalSection
EndGlobal
